
Microsoft Visual Studio Solution File, Format Version 12.00
# Visual Studio Version 17
VisualStudioVersion = 17.7.34003.232
MinimumVisualStudioVersion = 10.0.40219.1
Project("{FAE04EC0-301F-11D3-BF4B-00C04F79EFBC}") = "3Y_2324_IP2_FileReadAndWrite", "3Y_2324_IP2_FileReadAndWrite\3Y_2324_IP2_FileReadAndWrite.csproj", "{844897AA-2F42-44D1-8C3E-BB6EBDD567A5}"
EndProject
Global
	GlobalSection(SolutionConfigurationPlatforms) = preSolution
		Debug|Any CPU = Debug|Any CPU
		Release|Any CPU = Release|Any CPU
	EndGlobalSection
	GlobalSection(ProjectConfigurationPlatforms) = postSolution
		{844897AA-2F42-44D1-8C3E-BB6EBDD567A5}.Debug|Any CPU.ActiveCfg = Debug|Any CPU
		{844897AA-2F42-44D1-8C3E-BB6EBDD567A5}.Debug|Any CPU.Build.0 = Debug|Any CPU
		{844897AA-2F42-44D1-8C3E-BB6EBDD567A5}.Release|Any CPU.ActiveCfg = Release|Any CPU
		{844897AA-2F42-44D1-8C3E-BB6EBDD567A5}.Release|Any CPU.Build.0 = Release|Any CPU
	EndGlobalSection
	GlobalSection(SolutionProperties) = preSolution
		HideSolutionNode = FALSE
	EndGlobalSection
	GlobalSection(ExtensibilityGlobals) = postSolution
		SolutionGuid = {77D56C18-2C24-47F3-BAAB-4C549D88FEBE}
	EndGlobalSection
EndGlobal
